
Microsoft Visual Studio Solution File, Format Version 12.00
# Visual Studio 15
VisualStudioVersion = 15.0.26730.8
MinimumVisualStudioVersion = 10.0.40219.1
Project("{FAE04EC0-301F-11D3-BF4B-00C04F79EFBC}") = "SingletonPattern", "SingletonPattern\SingletonPattern.csproj", "{D2F9EDE5-3D6F-4AD5-9D15-7D26121CD3F4}"
EndProject
Project("{FAE04EC0-301F-11D3-BF4B-00C04F79EFBC}") = "Singleton", "Singleton\Singleton.csproj", "{1776A45B-AAA5-4706-8477-DE825656F9E4}"
EndProject
Global
	GlobalSection(SolutionConfigurationPlatforms) = preSolution
		Debug|Any CPU = Debug|Any CPU
		Release|Any CPU = Release|Any CPU
	EndGlobalSection
	GlobalSection(ProjectConfigurationPlatforms) = postSolution
		{D2F9EDE5-3D6F-4AD5-9D15-7D26121CD3F4}.Debug|Any CPU.ActiveCfg = Debug|Any CPU
		{D2F9EDE5-3D6F-4AD5-9D15-7D26121CD3F4}.Debug|Any CPU.Build.0 = Debug|Any CPU
		{D2F9EDE5-3D6F-4AD5-9D15-7D26121CD3F4}.Release|Any CPU.ActiveCfg = Release|Any CPU
		{D2F9EDE5-3D6F-4AD5-9D15-7D26121CD3F4}.Release|Any CPU.Build.0 = Release|Any CPU
		{1776A45B-AAA5-4706-8477-DE825656F9E4}.Debug|Any CPU.ActiveCfg = Debug|Any CPU
		{1776A45B-AAA5-4706-8477-DE825656F9E4}.Debug|Any CPU.Build.0 = Debug|Any CPU
		{1776A45B-AAA5-4706-8477-DE825656F9E4}.Release|Any CPU.ActiveCfg = Release|Any CPU
		{1776A45B-AAA5-4706-8477-DE825656F9E4}.Release|Any CPU.Build.0 = Release|Any CPU
	EndGlobalSection
	GlobalSection(SolutionProperties) = preSolution
		HideSolutionNode = FALSE
	EndGlobalSection
	GlobalSection(ExtensibilityGlobals) = postSolution
		SolutionGuid = {F8E88E50-DFC5-45DE-A5A2-9070F5011B16}
	EndGlobalSection
EndGlobal
